
Microsoft Visual Studio Solution File, Format Version 12.00
# Visual Studio Version 17
VisualStudioVersion = 17.14.36804.6
MinimumVisualStudioVersion = 10.0.40219.1
Project("{FAE04EC0-301F-11D3-BF4B-00C04F79EFBC}") = "benkyou5-4", "benkyou5-4\benkyou5-4.csproj", "{AF644C64-616D-4704-8479-1EB2EA10CB63}"
EndProject
Project("{FAE04EC0-301F-11D3-BF4B-00C04F79EFBC}") = "SharedModels", "SharedModels\SharedModels.csproj", "{FA61570E-7598-4F8B-BA0D-78AAA27F9F1E}"
EndProject
Global
	GlobalSection(SolutionConfigurationPlatforms) = preSolution
		Debug|Any CPU = Debug|Any CPU
		Release|Any CPU = Release|Any CPU
	EndGlobalSection
	GlobalSection(ProjectConfigurationPlatforms) = postSolution
		{AF644C64-616D-4704-8479-1EB2EA10CB63}.Debug|Any CPU.ActiveCfg = Debug|Any CPU
		{AF644C64-616D-4704-8479-1EB2EA10CB63}.Debug|Any CPU.Build.0 = Debug|Any CPU
		{AF644C64-616D-4704-8479-1EB2EA10CB63}.Release|Any CPU.ActiveCfg = Release|Any CPU
		{AF644C64-616D-4704-8479-1EB2EA10CB63}.Release|Any CPU.Build.0 = Release|Any CPU
		{FA61570E-7598-4F8B-BA0D-78AAA27F9F1E}.Debug|Any CPU.ActiveCfg = Debug|Any CPU
		{FA61570E-7598-4F8B-BA0D-78AAA27F9F1E}.Debug|Any CPU.Build.0 = Debug|Any CPU
		{FA61570E-7598-4F8B-BA0D-78AAA27F9F1E}.Release|Any CPU.ActiveCfg = Release|Any CPU
		{FA61570E-7598-4F8B-BA0D-78AAA27F9F1E}.Release|Any CPU.Build.0 = Release|Any CPU
	EndGlobalSection
	GlobalSection(SolutionProperties) = preSolution
		HideSolutionNode = FALSE
	EndGlobalSection
	GlobalSection(ExtensibilityGlobals) = postSolution
		SolutionGuid = {761B0393-EE1F-4542-92D5-0A6D0482CEF4}
	EndGlobalSection
EndGlobal
